
Microsoft Visual Studio Solution File, Format Version 12.00
# Visual Studio Version 17
VisualStudioVersion = 17.11.35303.130
MinimumVisualStudioVersion = 10.0.40219.1
Project("{2150E333-8FDC-42A3-9474-1A3956D46DE8}") = "Task0", "Task0", "{842FE37E-D207-45C5-9A65-34A19FDB0997}"
EndProject
Project("{9A19103F-16F7-4668-BE54-9A1E7A4F7556}") = "Tyuiu.GulahmedovTE.Sprint2.Task0.V21.Lib", "Tyuiu.GulahmedovTE.Sprint2.Task0.V21.Lib\Tyuiu.GulahmedovTE.Sprint2.Task0.V21.Lib.csproj", "{01D36A55-45A7-48A0-B349-A9CBFEA01333}"
EndProject
Project("{9A19103F-16F7-4668-BE54-9A1E7A4F7556}") = "Tyuiu.GulahmedovTE.Sprint2.Task0.V21.Test", "Tyuiu.GulahmedovTE.Sprint2.Task0.V21.Test\Tyuiu.GulahmedovTE.Sprint2.Task0.V21.Test.csproj", "{F9300F79-B818-4C6D-875A-01E477DFF8DE}"
EndProject
Project("{9A19103F-16F7-4668-BE54-9A1E7A4F7556}") = "Tyuiu.GulahmedovTE.Sprint2.Task0.V21", "Tyuiu.GulahmedovTE.Sprint2.Task0.V21\Tyuiu.GulahmedovTE.Sprint2.Task0.V21.csproj", "{F7A3DC57-90BE-4F70-B313-DCF09401CA19}"
EndProject
Project("{2150E333-8FDC-42A3-9474-1A3956D46DE8}") = "Task1", "Task1", "{9542C510-B56B-4BF3-BD28-66F78CE7457E}"
EndProject
Project("{9A19103F-16F7-4668-BE54-9A1E7A4F7556}") = "Tyuiu.GulahmedovTE.Sprint2.Task1.V12", "Tyuiu.GulahmedovTE.Sprint2.Task1.V12\Tyuiu.GulahmedovTE.Sprint2.Task1.V12.csproj", "{CB2D4FF2-961E-4372-B942-FDD055A10553}"
EndProject
Project("{9A19103F-16F7-4668-BE54-9A1E7A4F7556}") = "Tyuiu.GulahmedovTE.Sprint2.Task1.V12.Test", "Tyuiu.GulahmedovTE.Sprint2.Task1.V12.Test\Tyuiu.GulahmedovTE.Sprint2.Task1.V12.Test.csproj", "{AAAA7ECA-388B-4B4B-AC50-94AF1BE30A3F}"
EndProject
Project("{9A19103F-16F7-4668-BE54-9A1E7A4F7556}") = "Tyuiu.GulahmedovTE.Sprint2.Task1.V12.Lib", "Tyuiu.GulahmedovTE.Sprint2.Task1.V12.Lib\Tyuiu.GulahmedovTE.Sprint2.Task1.V12.Lib.csproj", "{26C4893C-B84B-4172-8103-A5E56E310253}"
EndProject
Project("{2150E333-8FDC-42A3-9474-1A3956D46DE8}") = "Task2", "Task2", "{D97CD6CC-DDDC-4C5A-8632-32457BA6597D}"
EndProject
Project("{9A19103F-16F7-4668-BE54-9A1E7A4F7556}") = "Tyuiu.GulahmedovTE.Sprint2.Task2.V17.Lib", "Tyuiu.GulahmedovTE.Sprint2.Task2.V17.Lib\Tyuiu.GulahmedovTE.Sprint2.Task2.V17.Lib.csproj", "{45146395-AB56-4036-B62A-0E1EA08B1A40}"
EndProject
Project("{9A19103F-16F7-4668-BE54-9A1E7A4F7556}") = "Tyuiu.GulahmedovTE.Sprint2.Task2.V17", "Tyuiu.GulahmedovTE.Sprint2.Task2.V17\Tyuiu.GulahmedovTE.Sprint2.Task2.V17.csproj", "{728F359E-E052-4EC4-973A-17DA518E383B}"
EndProject
Project("{FAE04EC0-301F-11D3-BF4B-00C04F79EFBC}") = "Tyuiu.GulahmedovTE.Sprint2.Task2.V17.Test", "Tyuiu.GulahmedovTE.Sprint2.Task2.V17.Test\Tyuiu.GulahmedovTE.Sprint2.Task2.V17.Test.csproj", "{37BE008F-7C97-4A2D-A1CD-3C5B1155617D}"
EndProject
Project("{2150E333-8FDC-42A3-9474-1A3956D46DE8}") = "Task3", "Task3", "{F5B09FF4-8688-451D-991A-CB7611C7CD8E}"
EndProject
Project("{FAE04EC0-301F-11D3-BF4B-00C04F79EFBC}") = "Tyuiu.GulahmedovTE.Sprint2.Task3.V19.Test", "Tyuiu.GulahmedovTE.Sprint2.Task3.V19.Test\Tyuiu.GulahmedovTE.Sprint2.Task3.V19.Test.csproj", "{5FC0F0DA-F855-444F-9216-B43C6D2C5D56}"
EndProject
Project("{FAE04EC0-301F-11D3-BF4B-00C04F79EFBC}") = "Tyuiu.GulahmedovTE.Sprint2.Task3.V19", "Tyuiu.GulahmedovTE.Sprint2.Task3.V19\Tyuiu.GulahmedovTE.Sprint2.Task3.V19.csproj", "{B1A8F552-4A82-479C-BD3A-797126E23829}"
EndProject
Project("{FAE04EC0-301F-11D3-BF4B-00C04F79EFBC}") = "Tyuiu.GulahmedovTE.Sprint2.Task3.V19.Lib", "Tyuiu.GulahmedovTE.Sprint2.Task3.V19.Lib\Tyuiu.GulahmedovTE.Sprint2.Task3.V19.Lib.csproj", "{A1F14F6A-4C9F-47F8-B0EA-E796FEBFA3F9}"
EndProject
Project("{2150E333-8FDC-42A3-9474-1A3956D46DE8}") = "Task4", "Task4", "{5A55BD66-A746-4353-8E6A-D39A132B83BC}"
EndProject
Project("{FAE04EC0-301F-11D3-BF4B-00C04F79EFBC}") = "Tyuiu.GulahmedovTE.Sprint2.Task4.V29.Lib", "Tyuiu.GulahmedovTE.Sprint2.Task4.V29.Lib\Tyuiu.GulahmedovTE.Sprint2.Task4.V29.Lib.csproj", "{52EB746D-5F04-4715-B2F4-41138A70B5DE}"
EndProject
Project("{FAE04EC0-301F-11D3-BF4B-00C04F79EFBC}") = "Tyuiu.GulahmedovTE.Sprint2.Task4.V29", "Tyuiu.GulahmedovTE.Sprint2.Task4.V29\Tyuiu.GulahmedovTE.Sprint2.Task4.V29.csproj", "{E47876C9-1264-4E57-A386-D310408DBC64}"
EndProject
Project("{FAE04EC0-301F-11D3-BF4B-00C04F79EFBC}") = "Tyuiu.GulahmedovTE.Sprint2.Task4.V29.Test", "Tyuiu.GulahmedovTE.Sprint2.Task4.V29.Test\Tyuiu.GulahmedovTE.Sprint2.Task4.V29.Test.csproj", "{0F5CC6CE-B807-48BF-925F-6C074239AA47}"
EndProject
Project("{2150E333-8FDC-42A3-9474-1A3956D46DE8}") = "Task5", "Task5", "{7CCABF11-E2FD-40E8-A927-7D34934172A6}"
EndProject
Project("{FAE04EC0-301F-11D3-BF4B-00C04F79EFBC}") = "Tyuiu.GulahmedovTE.Sprint2.Task5.V3.Test", "Tyuiu.GulahmedovTE.Sprint2.Task5.V3.Test\Tyuiu.GulahmedovTE.Sprint2.Task5.V3.Test.csproj", "{B90AF1A9-9D43-4BF1-95D4-CEC05030F076}"
EndProject
Project("{FAE04EC0-301F-11D3-BF4B-00C04F79EFBC}") = "Tyuiu.GulahmedovTE.Sprint2.Task5.V3", "Tyuiu.GulahmedovTE.Sprint2.Task5.V3\Tyuiu.GulahmedovTE.Sprint2.Task5.V3.csproj", "{AEDB1935-176E-4B24-9D67-454290DC4E10}"
EndProject
Project("{FAE04EC0-301F-11D3-BF4B-00C04F79EFBC}") = "Tyuiu.GulahmedovTE.Sprint2.Task5.V3.Lib", "Tyuiu.GulahmedovTE.Sprint2.Task5.V3.Lib\Tyuiu.GulahmedovTE.Sprint2.Task5.V3.Lib.csproj", "{D9F475E3-8CE3-4EC1-8FF1-F40E1FD52ED7}"
EndProject
Global
	GlobalSection(SolutionConfigurationPlatforms) = preSolution
		Debug|Any CPU = Debug|Any CPU
		Release|Any CPU = Release|Any CPU
	EndGlobalSection
	GlobalSection(ProjectConfigurationPlatforms) = postSolution
		{01D36A55-45A7-48A0-B349-A9CBFEA01333}.Debug|Any CPU.ActiveCfg = Debug|Any CPU
		{01D36A55-45A7-48A0-B349-A9CBFEA01333}.Debug|Any CPU.Build.0 = Debug|Any CPU
		{01D36A55-45A7-48A0-B349-A9CBFEA01333}.Release|Any CPU.ActiveCfg = Release|Any CPU
		{01D36A55-45A7-48A0-B349-A9CBFEA01333}.Release|Any CPU.Build.0 = Release|Any CPU
		{F9300F79-B818-4C6D-875A-01E477DFF8DE}.Debug|Any CPU.ActiveCfg = Debug|Any CPU
		{F9300F79-B818-4C6D-875A-01E477DFF8DE}.Debug|Any CPU.Build.0 = Debug|Any CPU
		{F9300F79-B818-4C6D-875A-01E477DFF8DE}.Release|Any CPU.ActiveCfg = Release|Any CPU
		{F9300F79-B818-4C6D-875A-01E477DFF8DE}.Release|Any CPU.Build.0 = Release|Any CPU
		{F7A3DC57-90BE-4F70-B313-DCF09401CA19}.Debug|Any CPU.ActiveCfg = Debug|Any CPU
		{F7A3DC57-90BE-4F70-B313-DCF09401CA19}.Debug|Any CPU.Build.0 = Debug|Any CPU
		{F7A3DC57-90BE-4F70-B313-DCF09401CA19}.Release|Any CPU.ActiveCfg = Release|Any CPU
		{F7A3DC57-90BE-4F70-B313-DCF09401CA19}.Release|Any CPU.Build.0 = Release|Any CPU
		{CB2D4FF2-961E-4372-B942-FDD055A10553}.Debug|Any CPU.ActiveCfg = Debug|Any CPU
		{CB2D4FF2-961E-4372-B942-FDD055A10553}.Debug|Any CPU.Build.0 = Debug|Any CPU
		{CB2D4FF2-961E-4372-B942-FDD055A10553}.Release|Any CPU.ActiveCfg = Release|Any CPU
		{CB2D4FF2-961E-4372-B942-FDD055A10553}.Release|Any CPU.Build.0 = Release|Any CPU
		{AAAA7ECA-388B-4B4B-AC50-94AF1BE30A3F}.Debug|Any CPU.ActiveCfg = Debug|Any CPU
		{AAAA7ECA-388B-4B4B-AC50-94AF1BE30A3F}.Debug|Any CPU.Build.0 = Debug|Any CPU
		{AAAA7ECA-388B-4B4B-AC50-94AF1BE30A3F}.Release|Any CPU.ActiveCfg = Release|Any CPU
		{AAAA7ECA-388B-4B4B-AC50-94AF1BE30A3F}.Release|Any CPU.Build.0 = Release|Any CPU
		{26C4893C-B84B-4172-8103-A5E56E310253}.Debug|Any CPU.ActiveCfg = Debug|Any CPU
		{26C4893C-B84B-4172-8103-A5E56E310253}.Debug|Any CPU.Build.0 = Debug|Any CPU
		{26C4893C-B84B-4172-8103-A5E56E310253}.Release|Any CPU.ActiveCfg = Release|Any CPU
		{26C4893C-B84B-4172-8103-A5E56E310253}.Release|Any CPU.Build.0 = Release|Any CPU
		{45146395-AB56-4036-B62A-0E1EA08B1A40}.Debug|Any CPU.ActiveCfg = Debug|Any CPU
		{45146395-AB56-4036-B62A-0E1EA08B1A40}.Debug|Any CPU.Build.0 = Debug|Any CPU
		{45146395-AB56-4036-B62A-0E1EA08B1A40}.Release|Any CPU.ActiveCfg = Release|Any CPU
		{45146395-AB56-4036-B62A-0E1EA08B1A40}.Release|Any CPU.Build.0 = Release|Any CPU
		{728F359E-E052-4EC4-973A-17DA518E383B}.Debug|Any CPU.ActiveCfg = Debug|Any CPU
		{728F359E-E052-4EC4-973A-17DA518E383B}.Debug|Any CPU.Build.0 = Debug|Any CPU
		{728F359E-E052-4EC4-973A-17DA518E383B}.Release|Any CPU.ActiveCfg = Release|Any CPU
		{728F359E-E052-4EC4-973A-17DA518E383B}.Release|Any CPU.Build.0 = Release|Any CPU
		{37BE008F-7C97-4A2D-A1CD-3C5B1155617D}.Debug|Any CPU.ActiveCfg = Debug|Any CPU
		{37BE008F-7C97-4A2D-A1CD-3C5B1155617D}.Debug|Any CPU.Build.0 = Debug|Any CPU
		{37BE008F-7C97-4A2D-A1CD-3C5B1155617D}.Release|Any CPU.ActiveCfg = Release|Any CPU
		{37BE008F-7C97-4A2D-A1CD-3C5B1155617D}.Release|Any CPU.Build.0 = Release|Any CPU
		{5FC0F0DA-F855-444F-9216-B43C6D2C5D56}.Debug|Any CPU.ActiveCfg = Debug|Any CPU
		{5FC0F0DA-F855-444F-9216-B43C6D2C5D56}.Debug|Any CPU.Build.0 = Debug|Any CPU
		{5FC0F0DA-F855-444F-9216-B43C6D2C5D56}.Release|Any CPU.ActiveCfg = Release|Any CPU
		{5FC0F0DA-F855-444F-9216-B43C6D2C5D56}.Release|Any CPU.Build.0 = Release|Any CPU
		{B1A8F552-4A82-479C-BD3A-797126E23829}.Debug|Any CPU.ActiveCfg = Debug|Any CPU
		{B1A8F552-4A82-479C-BD3A-797126E23829}.Debug|Any CPU.Build.0 = Debug|Any CPU
		{B1A8F552-4A82-479C-BD3A-797126E23829}.Release|Any CPU.ActiveCfg = Release|Any CPU
		{B1A8F552-4A82-479C-BD3A-797126E23829}.Release|Any CPU.Build.0 = Release|Any CPU
		{A1F14F6A-4C9F-47F8-B0EA-E796FEBFA3F9}.Debug|Any CPU.ActiveCfg = Debug|Any CPU
		{A1F14F6A-4C9F-47F8-B0EA-E796FEBFA3F9}.Debug|Any CPU.Build.0 = Debug|Any CPU
		{A1F14F6A-4C9F-47F8-B0EA-E796FEBFA3F9}.Release|Any CPU.ActiveCfg = Release|Any CPU
		{A1F14F6A-4C9F-47F8-B0EA-E796FEBFA3F9}.Release|Any CPU.Build.0 = Release|Any CPU
		{52EB746D-5F04-4715-B2F4-41138A70B5DE}.Debug|Any CPU.ActiveCfg = Debug|Any CPU
		{52EB746D-5F04-4715-B2F4-41138A70B5DE}.Debug|Any CPU.Build.0 = Debug|Any CPU
		{52EB746D-5F04-4715-B2F4-41138A70B5DE}.Release|Any CPU.ActiveCfg = Release|Any CPU
		{52EB746D-5F04-4715-B2F4-41138A70B5DE}.Release|Any CPU.Build.0 = Release|Any CPU
		{E47876C9-1264-4E57-A386-D310408DBC64}.Debug|Any CPU.ActiveCfg = Debug|Any CPU
		{E47876C9-1264-4E57-A386-D310408DBC64}.Debug|Any CPU.Build.0 = Debug|Any CPU
		{E47876C9-1264-4E57-A386-D310408DBC64}.Release|Any CPU.ActiveCfg = Release|Any CPU
		{E47876C9-1264-4E57-A386-D310408DBC64}.Release|Any CPU.Build.0 = Release|Any CPU
		{0F5CC6CE-B807-48BF-925F-6C074239AA47}.Debug|Any CPU.ActiveCfg = Debug|Any CPU
		{0F5CC6CE-B807-48BF-925F-6C074239AA47}.Debug|Any CPU.Build.0 = Debug|Any CPU
		{0F5CC6CE-B807-48BF-925F-6C074239AA47}.Release|Any CPU.ActiveCfg = Release|Any CPU
		{0F5CC6CE-B807-48BF-925F-6C074239AA47}.Release|Any CPU.Build.0 = Release|Any CPU
		{B90AF1A9-9D43-4BF1-95D4-CEC05030F076}.Debug|Any CPU.ActiveCfg = Debug|Any CPU
		{B90AF1A9-9D43-4BF1-95D4-CEC05030F076}.Debug|Any CPU.Build.0 = Debug|Any CPU
		{B90AF1A9-9D43-4BF1-95D4-CEC05030F076}.Release|Any CPU.ActiveCfg = Release|Any CPU
		{B90AF1A9-9D43-4BF1-95D4-CEC05030F076}.Release|Any CPU.Build.0 = Release|Any CPU
		{AEDB1935-176E-4B24-9D67-454290DC4E10}.Debug|Any CPU.ActiveCfg = Debug|Any CPU
		{AEDB1935-176E-4B24-9D67-454290DC4E10}.Debug|Any CPU.Build.0 = Debug|Any CPU
		{AEDB1935-176E-4B24-9D67-454290DC4E10}.Release|Any CPU.ActiveCfg = Release|Any CPU
		{AEDB1935-176E-4B24-9D67-454290DC4E10}.Release|Any CPU.Build.0 = Release|Any CPU
		{D9F475E3-8CE3-4EC1-8FF1-F40E1FD52ED7}.Debug|Any CPU.ActiveCfg = Debug|Any CPU
		{D9F475E3-8CE3-4EC1-8FF1-F40E1FD52ED7}.Debug|Any CPU.Build.0 = Debug|Any CPU
		{D9F475E3-8CE3-4EC1-8FF1-F40E1FD52ED7}.Release|Any CPU.ActiveCfg = Release|Any CPU
		{D9F475E3-8CE3-4EC1-8FF1-F40E1FD52ED7}.Release|Any CPU.Build.0 = Release|Any CPU
	EndGlobalSection
	GlobalSection(SolutionProperties) = preSolution
		HideSolutionNode = FALSE
	EndGlobalSection
	GlobalSection(NestedProjects) = preSolution
		{01D36A55-45A7-48A0-B349-A9CBFEA01333} = {842FE37E-D207-45C5-9A65-34A19FDB0997}
		{F9300F79-B818-4C6D-875A-01E477DFF8DE} = {842FE37E-D207-45C5-9A65-34A19FDB0997}
		{F7A3DC57-90BE-4F70-B313-DCF09401CA19} = {842FE37E-D207-45C5-9A65-34A19FDB0997}
		{CB2D4FF2-961E-4372-B942-FDD055A10553} = {9542C510-B56B-4BF3-BD28-66F78CE7457E}
		{AAAA7ECA-388B-4B4B-AC50-94AF1BE30A3F} = {9542C510-B56B-4BF3-BD28-66F78CE7457E}
		{26C4893C-B84B-4172-8103-A5E56E310253} = {9542C510-B56B-4BF3-BD28-66F78CE7457E}
		{45146395-AB56-4036-B62A-0E1EA08B1A40} = {D97CD6CC-DDDC-4C5A-8632-32457BA6597D}
		{728F359E-E052-4EC4-973A-17DA518E383B} = {D97CD6CC-DDDC-4C5A-8632-32457BA6597D}
		{37BE008F-7C97-4A2D-A1CD-3C5B1155617D} = {D97CD6CC-DDDC-4C5A-8632-32457BA6597D}
		{5FC0F0DA-F855-444F-9216-B43C6D2C5D56} = {F5B09FF4-8688-451D-991A-CB7611C7CD8E}
		{B1A8F552-4A82-479C-BD3A-797126E23829} = {F5B09FF4-8688-451D-991A-CB7611C7CD8E}
		{A1F14F6A-4C9F-47F8-B0EA-E796FEBFA3F9} = {F5B09FF4-8688-451D-991A-CB7611C7CD8E}
		{52EB746D-5F04-4715-B2F4-41138A70B5DE} = {5A55BD66-A746-4353-8E6A-D39A132B83BC}
		{E47876C9-1264-4E57-A386-D310408DBC64} = {5A55BD66-A746-4353-8E6A-D39A132B83BC}
		{0F5CC6CE-B807-48BF-925F-6C074239AA47} = {5A55BD66-A746-4353-8E6A-D39A132B83BC}
		{B90AF1A9-9D43-4BF1-95D4-CEC05030F076} = {7CCABF11-E2FD-40E8-A927-7D34934172A6}
		{AEDB1935-176E-4B24-9D67-454290DC4E10} = {7CCABF11-E2FD-40E8-A927-7D34934172A6}
		{D9F475E3-8CE3-4EC1-8FF1-F40E1FD52ED7} = {7CCABF11-E2FD-40E8-A927-7D34934172A6}
	EndGlobalSection
	GlobalSection(ExtensibilityGlobals) = postSolution
		SolutionGuid = {DF1A3188-3DD2-41FE-8F68-0BA243B56F56}
	EndGlobalSection
EndGlobal
