
Microsoft Visual Studio Solution File, Format Version 12.00
# Visual Studio Version 17
VisualStudioVersion = 17.11.35303.130
MinimumVisualStudioVersion = 10.0.40219.1
Project("{2150E333-8FDC-42A3-9474-1A3956D46DE8}") = "Task0", "Task0", "{842FE37E-D207-45C5-9A65-34A19FDB0997}"
EndProject
Project("{FAE04EC0-301F-11D3-BF4B-00C04F79EFBC}") = "Tyuiu.GulahmedovTE.Sprint2.Task0.V21.Lib", "Tyuiu.GulahmedovTE.Sprint2.Task0.V21.Lib\Tyuiu.GulahmedovTE.Sprint2.Task0.V21.Lib.csproj", "{01D36A55-45A7-48A0-B349-A9CBFEA01333}"
EndProject
Project("{FAE04EC0-301F-11D3-BF4B-00C04F79EFBC}") = "Tyuiu.GulahmedovTE.Sprint2.Task0.V21.Test", "Tyuiu.GulahmedovTE.Sprint2.Task0.V21.Test\Tyuiu.GulahmedovTE.Sprint2.Task0.V21.Test.csproj", "{F9300F79-B818-4C6D-875A-01E477DFF8DE}"
EndProject
Project("{FAE04EC0-301F-11D3-BF4B-00C04F79EFBC}") = "Tyuiu.GulahmedovTE.Sprint2.Task0.V21", "Tyuiu.GulahmedovTE.Sprint2.Task0.V21\Tyuiu.GulahmedovTE.Sprint2.Task0.V21.csproj", "{F7A3DC57-90BE-4F70-B313-DCF09401CA19}"
EndProject
Global
	GlobalSection(SolutionConfigurationPlatforms) = preSolution
		Debug|Any CPU = Debug|Any CPU
		Release|Any CPU = Release|Any CPU
	EndGlobalSection
	GlobalSection(ProjectConfigurationPlatforms) = postSolution
		{01D36A55-45A7-48A0-B349-A9CBFEA01333}.Debug|Any CPU.ActiveCfg = Debug|Any CPU
		{01D36A55-45A7-48A0-B349-A9CBFEA01333}.Debug|Any CPU.Build.0 = Debug|Any CPU
		{01D36A55-45A7-48A0-B349-A9CBFEA01333}.Release|Any CPU.ActiveCfg = Release|Any CPU
		{01D36A55-45A7-48A0-B349-A9CBFEA01333}.Release|Any CPU.Build.0 = Release|Any CPU
		{F9300F79-B818-4C6D-875A-01E477DFF8DE}.Debug|Any CPU.ActiveCfg = Debug|Any CPU
		{F9300F79-B818-4C6D-875A-01E477DFF8DE}.Debug|Any CPU.Build.0 = Debug|Any CPU
		{F9300F79-B818-4C6D-875A-01E477DFF8DE}.Release|Any CPU.ActiveCfg = Release|Any CPU
		{F9300F79-B818-4C6D-875A-01E477DFF8DE}.Release|Any CPU.Build.0 = Release|Any CPU
		{F7A3DC57-90BE-4F70-B313-DCF09401CA19}.Debug|Any CPU.ActiveCfg = Debug|Any CPU
		{F7A3DC57-90BE-4F70-B313-DCF09401CA19}.Debug|Any CPU.Build.0 = Debug|Any CPU
		{F7A3DC57-90BE-4F70-B313-DCF09401CA19}.Release|Any CPU.ActiveCfg = Release|Any CPU
		{F7A3DC57-90BE-4F70-B313-DCF09401CA19}.Release|Any CPU.Build.0 = Release|Any CPU
	EndGlobalSection
	GlobalSection(SolutionProperties) = preSolution
		HideSolutionNode = FALSE
	EndGlobalSection
	GlobalSection(NestedProjects) = preSolution
		{01D36A55-45A7-48A0-B349-A9CBFEA01333} = {842FE37E-D207-45C5-9A65-34A19FDB0997}
		{F9300F79-B818-4C6D-875A-01E477DFF8DE} = {842FE37E-D207-45C5-9A65-34A19FDB0997}
		{F7A3DC57-90BE-4F70-B313-DCF09401CA19} = {842FE37E-D207-45C5-9A65-34A19FDB0997}
	EndGlobalSection
	GlobalSection(ExtensibilityGlobals) = postSolution
		SolutionGuid = {DF1A3188-3DD2-41FE-8F68-0BA243B56F56}
	EndGlobalSection
EndGlobal
